
Microsoft Visual Studio Solution File, Format Version 12.00
# Visual Studio Version 17
VisualStudioVersion = 17.8.34322.80
MinimumVisualStudioVersion = 10.0.40219.1
Project("{FAE04EC0-301F-11D3-BF4B-00C04F79EFBC}") = "Menu", "Menu\Menu.csproj", "{B08E50B4-A30B-412C-9179-34FC4120F6A0}"
EndProject
Global
	GlobalSection(SolutionConfigurationPlatforms) = preSolution
		Debug|Any CPU = Debug|Any CPU
		Release|Any CPU = Release|Any CPU
	EndGlobalSection
	GlobalSection(ProjectConfigurationPlatforms) = postSolution
		{B08E50B4-A30B-412C-9179-34FC4120F6A0}.Debug|Any CPU.ActiveCfg = Debug|Any CPU
		{B08E50B4-A30B-412C-9179-34FC4120F6A0}.Debug|Any CPU.Build.0 = Debug|Any CPU
		{B08E50B4-A30B-412C-9179-34FC4120F6A0}.Release|Any CPU.ActiveCfg = Release|Any CPU
		{B08E50B4-A30B-412C-9179-34FC4120F6A0}.Release|Any CPU.Build.0 = Release|Any CPU
	EndGlobalSection
	GlobalSection(SolutionProperties) = preSolution
		HideSolutionNode = FALSE
	EndGlobalSection
	GlobalSection(ExtensibilityGlobals) = postSolution
		SolutionGuid = {41C511C1-0F70-4894-AB85-B391F91402F9}
	EndGlobalSection
EndGlobal
